# generated by rye
# use `rye lock` or `rye sync` to update this lockfile
#
# last locked with the following flags:
#   pre: false
#   features: []
#   all-features: false
#   with-sources: false
#   generate-hashes: false
#   universal: false

-e file:.
aiohttp==3.9.5
    # via async-provider-etl
aiosignal==1.3.1
    # via aiohttp
aiosqlite==0.20.0
    # via async-provider-etl
attrs==23.2.0
    # via aiohttp
frozenlist==1.4.1
    # via aiohttp
    # via aiosignal
idna==3.7
    # via yarl
multidict==6.0.5
    # via aiohttp
    # via yarl
numpy==2.0.1
    # via pandas
pandas==2.2.2
    # via async-provider-etl
polars==1.3.0
    # via async-provider-etl
python-dateutil==2.9.0.post0
    # via pandas
pytz==2024.1
    # via pandas
six==1.16.0
    # via python-dateutil
typing-extensions==4.12.2
    # via aiosqlite
tzdata==2024.1
    # via pandas
yarl==1.9.4
    # via aiohttp
